
Microsoft Visual Studio Solution File, Format Version 12.00
# Visual Studio Version 17
VisualStudioVersion = 17.1.32328.378
MinimumVisualStudioVersion = 10.0.40219.1
Project("{2150E333-8FDC-42A3-9474-1A3956D46DE8}") = "Persistence Layer", "Persistence Layer", "{75D8A373-0550-4E0E-BB74-36BB02EA3D5E}"
EndProject
Project("{2150E333-8FDC-42A3-9474-1A3956D46DE8}") = "Business Layer", "Business Layer", "{5A188851-6425-4F1F-8567-460571ADB575}"
EndProject
Project("{2150E333-8FDC-42A3-9474-1A3956D46DE8}") = "Services Layer (REST API)", "Services Layer (REST API)", "{87724CD4-3AA4-4328-B2E2-E97B32205F84}"
EndProject
Project("{2150E333-8FDC-42A3-9474-1A3956D46DE8}") = "Layer 1", "Layer 1", "{4A14DA78-5786-4762-95D2-219E7A5325CD}"
EndProject
Project("{2150E333-8FDC-42A3-9474-1A3956D46DE8}") = "Layer 2", "Layer 2", "{F6E7AC5F-0823-4203-8FB0-9C072A2A5E9A}"
EndProject
Project("{2150E333-8FDC-42A3-9474-1A3956D46DE8}") = "Layer 3", "Layer 3", "{F36A2ED4-F601-4BC8-AA7A-449F59041700}"
EndProject
Project("{2150E333-8FDC-42A3-9474-1A3956D46DE8}") = "Repositories", "Repositories", "{3837800C-9C91-446C-910E-A7FD791D706F}"
EndProject
Project("{2150E333-8FDC-42A3-9474-1A3956D46DE8}") = "Data Access", "Data Access", "{C90C6975-2DFB-434E-B327-CC328552C666}"
EndProject
Project("{2150E333-8FDC-42A3-9474-1A3956D46DE8}") = "Interfaces", "Interfaces", "{E941C27A-AED6-4AC3-BEF9-F897B03987C1}"
EndProject
Project("{2150E333-8FDC-42A3-9474-1A3956D46DE8}") = "Implementations", "Implementations", "{344CDF40-CCA0-4E64-89D2-370F1CFB248B}"
EndProject
Project("{2150E333-8FDC-42A3-9474-1A3956D46DE8}") = "Interfaces", "Interfaces", "{9AEDBD07-DDD2-4AEA-8BB6-D910780F84AD}"
EndProject
Project("{2150E333-8FDC-42A3-9474-1A3956D46DE8}") = "Implementations", "Implementations", "{9E01D16C-53C0-430D-900F-9F1BDB0DBA0A}"
EndProject
Project("{2150E333-8FDC-42A3-9474-1A3956D46DE8}") = "Business Components", "Business Components", "{84F0E512-4851-4106-BAFF-56652D8E9B6C}"
EndProject
Project("{2150E333-8FDC-42A3-9474-1A3956D46DE8}") = "Business Validations", "Business Validations", "{4604E746-E2E1-4218-B8F7-E6E636B1EB1A}"
EndProject
Project("{2150E333-8FDC-42A3-9474-1A3956D46DE8}") = "Interfaces", "Interfaces", "{DF09B2EF-25B1-4523-87CA-EDAB9CE6C048}"
EndProject
Project("{2150E333-8FDC-42A3-9474-1A3956D46DE8}") = "Implementations", "Implementations", "{84ADF13B-92A9-4A3D-8EA0-659F99A77E3B}"
EndProject
Project("{2150E333-8FDC-42A3-9474-1A3956D46DE8}") = "Interfaces", "Interfaces", "{FA83A5E5-C0FD-47A5-A060-84B17C4E200A}"
EndProject
Project("{2150E333-8FDC-42A3-9474-1A3956D46DE8}") = "Implementations", "Implementations", "{BEF6B304-AB3E-49A2-B4D9-27FB7387621C}"
EndProject
Project("{2150E333-8FDC-42A3-9474-1A3956D46DE8}") = "API Controllers", "API Controllers", "{BE55163C-DD5D-410A-844D-B712FBE9678A}"
EndProject
Project("{2150E333-8FDC-42A3-9474-1A3956D46DE8}") = "Interfaces", "Interfaces", "{FB42E53C-CF52-40AD-8667-483FF82E9783}"
EndProject
Project("{2150E333-8FDC-42A3-9474-1A3956D46DE8}") = "Implementations", "Implementations", "{EC0B6E2D-C379-4235-A419-43CCA2E29B18}"
EndProject
Project("{2150E333-8FDC-42A3-9474-1A3956D46DE8}") = "Hosting", "Hosting", "{B450CB1D-E553-4BEC-A88F-C2F764D609EE}"
EndProject
Project("{2150E333-8FDC-42A3-9474-1A3956D46DE8}") = "Tests", "Tests", "{F0E249E4-6EE9-450E-90F8-280458C9579B}"
EndProject
Project("{2150E333-8FDC-42A3-9474-1A3956D46DE8}") = "Tests", "Tests", "{AE483E45-749C-4A03-9993-4DFA927D507B}"
EndProject
Project("{2150E333-8FDC-42A3-9474-1A3956D46DE8}") = "Tests", "Tests", "{5F49F232-E0FD-4138-97F5-7F58B0A107B9}"
EndProject
Project("{2150E333-8FDC-42A3-9474-1A3956D46DE8}") = "Tests", "Tests", "{904A15A8-531D-432F-B6C8-E52B324218FD}"
EndProject
Project("{2150E333-8FDC-42A3-9474-1A3956D46DE8}") = "Tests", "Tests", "{9A2AF186-A002-424F-89BE-BECE69FFB7EC}"
EndProject
Project("{2150E333-8FDC-42A3-9474-1A3956D46DE8}") = "Shared", "Shared", "{2F9DC744-AFFC-4AA5-94A6-96D058BB41A9}"
EndProject
Project("{2150E333-8FDC-42A3-9474-1A3956D46DE8}") = "Models", "Models", "{A5A4C7ED-9495-4906-947A-921BBFC5EA30}"
EndProject
Project("{9A19103F-16F7-4668-BE54-9A1E7A4F7556}") = "Lumen.Training.Libraries.Shared.Models", "Lumen.Training.Libraries.Shared.Models\Lumen.Training.Libraries.Shared.Models.csproj", "{323AF25B-7A07-44E6-9CE2-1FDE14349F46}"
EndProject
Project("{9A19103F-16F7-4668-BE54-9A1E7A4F7556}") = "Lumen.Training.Libraries.DAL.Interfaces", "Lumen.Training.Libraries.DAL.Interfaces\Lumen.Training.Libraries.DAL.Interfaces.csproj", "{E423D270-05C0-4B8E-B1C5-3732C4CFF913}"
EndProject
Project("{9A19103F-16F7-4668-BE54-9A1E7A4F7556}") = "Lumen.Training.Libraries.DAL.Impl", "Lumen.Training.Libraries.DAL.Impl\Lumen.Training.Libraries.DAL.Impl.csproj", "{F836C07A-A39E-4A21-9D3C-F29CA9F783A8}"
EndProject
Project("{9A19103F-16F7-4668-BE54-9A1E7A4F7556}") = "Lumen.Training.Libraries.DAL.Tests", "Lumen.Training.Libraries.DAL.Tests\Lumen.Training.Libraries.DAL.Tests.csproj", "{52855CEF-9B82-4DDA-B0EC-621689B6A5C4}"
EndProject
Project("{9A19103F-16F7-4668-BE54-9A1E7A4F7556}") = "Lumen.Training.Libraries.Repos.Interfaces", "Lumen.Training.Libraries.Repos.Interfaces\Lumen.Training.Libraries.Repos.Interfaces.csproj", "{A269C584-F190-4378-A35B-86615CD96AE7}"
EndProject
Project("{9A19103F-16F7-4668-BE54-9A1E7A4F7556}") = "Lumen.Training.Libraries.Repos.Impl", "Lumen.Training.Libraries.Repos.Impl\Lumen.Training.Libraries.Repos.Impl.csproj", "{A82E3EEB-58DB-4095-B239-F3B44FB3CA87}"
EndProject
Project("{9A19103F-16F7-4668-BE54-9A1E7A4F7556}") = "Lumen.Training.Libraries.Repos.Tests", "Lumen.Training.Libraries.Repos.Tests\Lumen.Training.Libraries.Repos.Tests.csproj", "{C1E56133-9C3A-452B-8FC9-A6A772DEBCD2}"
EndProject
Project("{FAE04EC0-301F-11D3-BF4B-00C04F79EFBC}") = "Lumen.Training.Libraries.Business.Validations.Interfaces", "Lumen.Training.Libraries.Business.Validations.Interfaces\Lumen.Training.Libraries.Business.Validations.Interfaces.csproj", "{FA14DC27-7060-431F-A01A-55CD3B061B3A}"
EndProject
Project("{FAE04EC0-301F-11D3-BF4B-00C04F79EFBC}") = "Lumen.Training.Libraries.Business.Validations.Tests", "Lumen.Training.Libraries.Business.Validations.Tests\Lumen.Training.Libraries.Business.Validations.Tests.csproj", "{4B6A08F7-7B20-46DD-B013-704D40FD67D1}"
EndProject
Project("{FAE04EC0-301F-11D3-BF4B-00C04F79EFBC}") = "Lumen.Training.Libraries.Business.Validations.Impl", "Lumen.Training.Libraries.Business.Validations.Impl\Lumen.Training.Libraries.Business.Validations.Impl.csproj", "{00F33DBF-CB33-4052-B7C7-4D619934F0B1}"
EndProject
Project("{FAE04EC0-301F-11D3-BF4B-00C04F79EFBC}") = "Lumen.Training.Libraries.Business.Interfaces", "Lumen.Training.Libraries.Business.Interfaces\Lumen.Training.Libraries.Business.Interfaces.csproj", "{E3CAE845-C4F0-4B86-BD0E-F92C91DC6452}"
EndProject
Project("{FAE04EC0-301F-11D3-BF4B-00C04F79EFBC}") = "Lumen.Training.Libraries.Business.Impl", "Lumen.Training.Libraries.Business.Impl\Lumen.Training.Libraries.Business.Impl.csproj", "{408CC0A0-340D-4B20-8322-4145AA25DB9C}"
EndProject
Project("{FAE04EC0-301F-11D3-BF4B-00C04F79EFBC}") = "Lumen.Training.Libraries.Business.Tests", "Lumen.Training.Libraries.Business.Tests\Lumen.Training.Libraries.Business.Tests.csproj", "{9024209A-D1F4-4BA1-960F-D4DE87BB98D4}"
EndProject
Project("{FAE04EC0-301F-11D3-BF4B-00C04F79EFBC}") = "Lumen.Training.API.Hosting.CalculationAndOffers", "Lumen.Training.API.Hosting.CalculationAndOffers\Lumen.Training.API.Hosting.CalculationAndOffers.csproj", "{C8A9DA4D-F681-40C0-BB91-CA245FEC2F9C}"
EndProject
Project("{FAE04EC0-301F-11D3-BF4B-00C04F79EFBC}") = "Lumen.Training.Libraries.API.Controllers.Interfaces", "Lumen.Training.Libraries.API.Controllers.Interfaces\Lumen.Training.Libraries.API.Controllers.Interfaces.csproj", "{70141511-27A5-4AB5-BFCE-404963AFFB34}"
EndProject
Project("{FAE04EC0-301F-11D3-BF4B-00C04F79EFBC}") = "Lumen.Training.Libraries.API.Controllers.Impl", "Lumen.Training.Libraries.API.Controllers.Impl\Lumen.Training.Libraries.API.Controllers.Impl.csproj", "{9A2600E4-03D7-48AE-9A03-E6C9FDD763A3}"
EndProject
Project("{FAE04EC0-301F-11D3-BF4B-00C04F79EFBC}") = "Lumen.Training.Libraries.API.Controllers.Tests", "Lumen.Training.Libraries.API.Controllers.Tests\Lumen.Training.Libraries.API.Controllers.Tests.csproj", "{1BB08C52-B025-40B7-A850-4220E0748D21}"
EndProject
Project("{2150E333-8FDC-42A3-9474-1A3956D46DE8}") = "Solution Items", "Solution Items", "{33704EB9-69F7-4107-8D9C-8E5B169A4E32}"
	ProjectSection(SolutionItems) = preProject
		.dockerignore = .dockerignore
		.gitignore = .gitignore
		LICENSE = LICENSE
		README.md = README.md
	EndProjectSection
EndProject
Global
	GlobalSection(SolutionConfigurationPlatforms) = preSolution
		Debug|Any CPU = Debug|Any CPU
		Release|Any CPU = Release|Any CPU
	EndGlobalSection
	GlobalSection(ProjectConfigurationPlatforms) = postSolution
		{323AF25B-7A07-44E6-9CE2-1FDE14349F46}.Debug|Any CPU.ActiveCfg = Debug|Any CPU
		{323AF25B-7A07-44E6-9CE2-1FDE14349F46}.Debug|Any CPU.Build.0 = Debug|Any CPU
		{323AF25B-7A07-44E6-9CE2-1FDE14349F46}.Release|Any CPU.ActiveCfg = Release|Any CPU
		{323AF25B-7A07-44E6-9CE2-1FDE14349F46}.Release|Any CPU.Build.0 = Release|Any CPU
		{E423D270-05C0-4B8E-B1C5-3732C4CFF913}.Debug|Any CPU.ActiveCfg = Debug|Any CPU
		{E423D270-05C0-4B8E-B1C5-3732C4CFF913}.Debug|Any CPU.Build.0 = Debug|Any CPU
		{E423D270-05C0-4B8E-B1C5-3732C4CFF913}.Release|Any CPU.ActiveCfg = Release|Any CPU
		{E423D270-05C0-4B8E-B1C5-3732C4CFF913}.Release|Any CPU.Build.0 = Release|Any CPU
		{F836C07A-A39E-4A21-9D3C-F29CA9F783A8}.Debug|Any CPU.ActiveCfg = Debug|Any CPU
		{F836C07A-A39E-4A21-9D3C-F29CA9F783A8}.Debug|Any CPU.Build.0 = Debug|Any CPU
		{F836C07A-A39E-4A21-9D3C-F29CA9F783A8}.Release|Any CPU.ActiveCfg = Release|Any CPU
		{F836C07A-A39E-4A21-9D3C-F29CA9F783A8}.Release|Any CPU.Build.0 = Release|Any CPU
		{52855CEF-9B82-4DDA-B0EC-621689B6A5C4}.Debug|Any CPU.ActiveCfg = Debug|Any CPU
		{52855CEF-9B82-4DDA-B0EC-621689B6A5C4}.Debug|Any CPU.Build.0 = Debug|Any CPU
		{52855CEF-9B82-4DDA-B0EC-621689B6A5C4}.Release|Any CPU.ActiveCfg = Release|Any CPU
		{52855CEF-9B82-4DDA-B0EC-621689B6A5C4}.Release|Any CPU.Build.0 = Release|Any CPU
		{A269C584-F190-4378-A35B-86615CD96AE7}.Debug|Any CPU.ActiveCfg = Debug|Any CPU
		{A269C584-F190-4378-A35B-86615CD96AE7}.Debug|Any CPU.Build.0 = Debug|Any CPU
		{A269C584-F190-4378-A35B-86615CD96AE7}.Release|Any CPU.ActiveCfg = Release|Any CPU
		{A269C584-F190-4378-A35B-86615CD96AE7}.Release|Any CPU.Build.0 = Release|Any CPU
		{A82E3EEB-58DB-4095-B239-F3B44FB3CA87}.Debug|Any CPU.ActiveCfg = Debug|Any CPU
		{A82E3EEB-58DB-4095-B239-F3B44FB3CA87}.Debug|Any CPU.Build.0 = Debug|Any CPU
		{A82E3EEB-58DB-4095-B239-F3B44FB3CA87}.Release|Any CPU.ActiveCfg = Release|Any CPU
		{A82E3EEB-58DB-4095-B239-F3B44FB3CA87}.Release|Any CPU.Build.0 = Release|Any CPU
		{C1E56133-9C3A-452B-8FC9-A6A772DEBCD2}.Debug|Any CPU.ActiveCfg = Debug|Any CPU
		{C1E56133-9C3A-452B-8FC9-A6A772DEBCD2}.Debug|Any CPU.Build.0 = Debug|Any CPU
		{C1E56133-9C3A-452B-8FC9-A6A772DEBCD2}.Release|Any CPU.ActiveCfg = Release|Any CPU
		{C1E56133-9C3A-452B-8FC9-A6A772DEBCD2}.Release|Any CPU.Build.0 = Release|Any CPU
		{FA14DC27-7060-431F-A01A-55CD3B061B3A}.Debug|Any CPU.ActiveCfg = Debug|Any CPU
		{FA14DC27-7060-431F-A01A-55CD3B061B3A}.Debug|Any CPU.Build.0 = Debug|Any CPU
		{FA14DC27-7060-431F-A01A-55CD3B061B3A}.Release|Any CPU.ActiveCfg = Release|Any CPU
		{FA14DC27-7060-431F-A01A-55CD3B061B3A}.Release|Any CPU.Build.0 = Release|Any CPU
		{4B6A08F7-7B20-46DD-B013-704D40FD67D1}.Debug|Any CPU.ActiveCfg = Debug|Any CPU
		{4B6A08F7-7B20-46DD-B013-704D40FD67D1}.Debug|Any CPU.Build.0 = Debug|Any CPU
		{4B6A08F7-7B20-46DD-B013-704D40FD67D1}.Release|Any CPU.ActiveCfg = Release|Any CPU
		{4B6A08F7-7B20-46DD-B013-704D40FD67D1}.Release|Any CPU.Build.0 = Release|Any CPU
		{00F33DBF-CB33-4052-B7C7-4D619934F0B1}.Debug|Any CPU.ActiveCfg = Debug|Any CPU
		{00F33DBF-CB33-4052-B7C7-4D619934F0B1}.Debug|Any CPU.Build.0 = Debug|Any CPU
		{00F33DBF-CB33-4052-B7C7-4D619934F0B1}.Release|Any CPU.ActiveCfg = Release|Any CPU
		{00F33DBF-CB33-4052-B7C7-4D619934F0B1}.Release|Any CPU.Build.0 = Release|Any CPU
		{E3CAE845-C4F0-4B86-BD0E-F92C91DC6452}.Debug|Any CPU.ActiveCfg = Debug|Any CPU
		{E3CAE845-C4F0-4B86-BD0E-F92C91DC6452}.Debug|Any CPU.Build.0 = Debug|Any CPU
		{E3CAE845-C4F0-4B86-BD0E-F92C91DC6452}.Release|Any CPU.ActiveCfg = Release|Any CPU
		{E3CAE845-C4F0-4B86-BD0E-F92C91DC6452}.Release|Any CPU.Build.0 = Release|Any CPU
		{408CC0A0-340D-4B20-8322-4145AA25DB9C}.Debug|Any CPU.ActiveCfg = Debug|Any CPU
		{408CC0A0-340D-4B20-8322-4145AA25DB9C}.Debug|Any CPU.Build.0 = Debug|Any CPU
		{408CC0A0-340D-4B20-8322-4145AA25DB9C}.Release|Any CPU.ActiveCfg = Release|Any CPU
		{408CC0A0-340D-4B20-8322-4145AA25DB9C}.Release|Any CPU.Build.0 = Release|Any CPU
		{9024209A-D1F4-4BA1-960F-D4DE87BB98D4}.Debug|Any CPU.ActiveCfg = Debug|Any CPU
		{9024209A-D1F4-4BA1-960F-D4DE87BB98D4}.Debug|Any CPU.Build.0 = Debug|Any CPU
		{9024209A-D1F4-4BA1-960F-D4DE87BB98D4}.Release|Any CPU.ActiveCfg = Release|Any CPU
		{9024209A-D1F4-4BA1-960F-D4DE87BB98D4}.Release|Any CPU.Build.0 = Release|Any CPU
		{C8A9DA4D-F681-40C0-BB91-CA245FEC2F9C}.Debug|Any CPU.ActiveCfg = Debug|Any CPU
		{C8A9DA4D-F681-40C0-BB91-CA245FEC2F9C}.Debug|Any CPU.Build.0 = Debug|Any CPU
		{C8A9DA4D-F681-40C0-BB91-CA245FEC2F9C}.Release|Any CPU.ActiveCfg = Release|Any CPU
		{C8A9DA4D-F681-40C0-BB91-CA245FEC2F9C}.Release|Any CPU.Build.0 = Release|Any CPU
		{70141511-27A5-4AB5-BFCE-404963AFFB34}.Debug|Any CPU.ActiveCfg = Debug|Any CPU
		{70141511-27A5-4AB5-BFCE-404963AFFB34}.Debug|Any CPU.Build.0 = Debug|Any CPU
		{70141511-27A5-4AB5-BFCE-404963AFFB34}.Release|Any CPU.ActiveCfg = Release|Any CPU
		{70141511-27A5-4AB5-BFCE-404963AFFB34}.Release|Any CPU.Build.0 = Release|Any CPU
		{9A2600E4-03D7-48AE-9A03-E6C9FDD763A3}.Debug|Any CPU.ActiveCfg = Debug|Any CPU
		{9A2600E4-03D7-48AE-9A03-E6C9FDD763A3}.Debug|Any CPU.Build.0 = Debug|Any CPU
		{9A2600E4-03D7-48AE-9A03-E6C9FDD763A3}.Release|Any CPU.ActiveCfg = Release|Any CPU
		{9A2600E4-03D7-48AE-9A03-E6C9FDD763A3}.Release|Any CPU.Build.0 = Release|Any CPU
		{1BB08C52-B025-40B7-A850-4220E0748D21}.Debug|Any CPU.ActiveCfg = Debug|Any CPU
		{1BB08C52-B025-40B7-A850-4220E0748D21}.Debug|Any CPU.Build.0 = Debug|Any CPU
		{1BB08C52-B025-40B7-A850-4220E0748D21}.Release|Any CPU.ActiveCfg = Release|Any CPU
		{1BB08C52-B025-40B7-A850-4220E0748D21}.Release|Any CPU.Build.0 = Release|Any CPU
	EndGlobalSection
	GlobalSection(SolutionProperties) = preSolution
		HideSolutionNode = FALSE
	EndGlobalSection
	GlobalSection(NestedProjects) = preSolution
		{75D8A373-0550-4E0E-BB74-36BB02EA3D5E} = {4A14DA78-5786-4762-95D2-219E7A5325CD}
		{5A188851-6425-4F1F-8567-460571ADB575} = {F6E7AC5F-0823-4203-8FB0-9C072A2A5E9A}
		{87724CD4-3AA4-4328-B2E2-E97B32205F84} = {F36A2ED4-F601-4BC8-AA7A-449F59041700}
		{3837800C-9C91-446C-910E-A7FD791D706F} = {75D8A373-0550-4E0E-BB74-36BB02EA3D5E}
		{C90C6975-2DFB-434E-B327-CC328552C666} = {75D8A373-0550-4E0E-BB74-36BB02EA3D5E}
		{E941C27A-AED6-4AC3-BEF9-F897B03987C1} = {C90C6975-2DFB-434E-B327-CC328552C666}
		{344CDF40-CCA0-4E64-89D2-370F1CFB248B} = {C90C6975-2DFB-434E-B327-CC328552C666}
		{9AEDBD07-DDD2-4AEA-8BB6-D910780F84AD} = {3837800C-9C91-446C-910E-A7FD791D706F}
		{9E01D16C-53C0-430D-900F-9F1BDB0DBA0A} = {3837800C-9C91-446C-910E-A7FD791D706F}
		{84F0E512-4851-4106-BAFF-56652D8E9B6C} = {5A188851-6425-4F1F-8567-460571ADB575}
		{4604E746-E2E1-4218-B8F7-E6E636B1EB1A} = {5A188851-6425-4F1F-8567-460571ADB575}
		{DF09B2EF-25B1-4523-87CA-EDAB9CE6C048} = {84F0E512-4851-4106-BAFF-56652D8E9B6C}
		{84ADF13B-92A9-4A3D-8EA0-659F99A77E3B} = {84F0E512-4851-4106-BAFF-56652D8E9B6C}
		{FA83A5E5-C0FD-47A5-A060-84B17C4E200A} = {4604E746-E2E1-4218-B8F7-E6E636B1EB1A}
		{BEF6B304-AB3E-49A2-B4D9-27FB7387621C} = {4604E746-E2E1-4218-B8F7-E6E636B1EB1A}
		{BE55163C-DD5D-410A-844D-B712FBE9678A} = {87724CD4-3AA4-4328-B2E2-E97B32205F84}
		{FB42E53C-CF52-40AD-8667-483FF82E9783} = {BE55163C-DD5D-410A-844D-B712FBE9678A}
		{EC0B6E2D-C379-4235-A419-43CCA2E29B18} = {BE55163C-DD5D-410A-844D-B712FBE9678A}
		{B450CB1D-E553-4BEC-A88F-C2F764D609EE} = {87724CD4-3AA4-4328-B2E2-E97B32205F84}
		{F0E249E4-6EE9-450E-90F8-280458C9579B} = {C90C6975-2DFB-434E-B327-CC328552C666}
		{AE483E45-749C-4A03-9993-4DFA927D507B} = {3837800C-9C91-446C-910E-A7FD791D706F}
		{5F49F232-E0FD-4138-97F5-7F58B0A107B9} = {84F0E512-4851-4106-BAFF-56652D8E9B6C}
		{904A15A8-531D-432F-B6C8-E52B324218FD} = {4604E746-E2E1-4218-B8F7-E6E636B1EB1A}
		{9A2AF186-A002-424F-89BE-BECE69FFB7EC} = {87724CD4-3AA4-4328-B2E2-E97B32205F84}
		{A5A4C7ED-9495-4906-947A-921BBFC5EA30} = {2F9DC744-AFFC-4AA5-94A6-96D058BB41A9}
		{323AF25B-7A07-44E6-9CE2-1FDE14349F46} = {A5A4C7ED-9495-4906-947A-921BBFC5EA30}
		{E423D270-05C0-4B8E-B1C5-3732C4CFF913} = {E941C27A-AED6-4AC3-BEF9-F897B03987C1}
		{F836C07A-A39E-4A21-9D3C-F29CA9F783A8} = {344CDF40-CCA0-4E64-89D2-370F1CFB248B}
		{52855CEF-9B82-4DDA-B0EC-621689B6A5C4} = {F0E249E4-6EE9-450E-90F8-280458C9579B}
		{A269C584-F190-4378-A35B-86615CD96AE7} = {9AEDBD07-DDD2-4AEA-8BB6-D910780F84AD}
		{A82E3EEB-58DB-4095-B239-F3B44FB3CA87} = {9E01D16C-53C0-430D-900F-9F1BDB0DBA0A}
		{C1E56133-9C3A-452B-8FC9-A6A772DEBCD2} = {AE483E45-749C-4A03-9993-4DFA927D507B}
		{FA14DC27-7060-431F-A01A-55CD3B061B3A} = {FA83A5E5-C0FD-47A5-A060-84B17C4E200A}
		{4B6A08F7-7B20-46DD-B013-704D40FD67D1} = {904A15A8-531D-432F-B6C8-E52B324218FD}
		{00F33DBF-CB33-4052-B7C7-4D619934F0B1} = {BEF6B304-AB3E-49A2-B4D9-27FB7387621C}
		{E3CAE845-C4F0-4B86-BD0E-F92C91DC6452} = {DF09B2EF-25B1-4523-87CA-EDAB9CE6C048}
		{408CC0A0-340D-4B20-8322-4145AA25DB9C} = {84ADF13B-92A9-4A3D-8EA0-659F99A77E3B}
		{9024209A-D1F4-4BA1-960F-D4DE87BB98D4} = {5F49F232-E0FD-4138-97F5-7F58B0A107B9}
		{C8A9DA4D-F681-40C0-BB91-CA245FEC2F9C} = {B450CB1D-E553-4BEC-A88F-C2F764D609EE}
		{70141511-27A5-4AB5-BFCE-404963AFFB34} = {FB42E53C-CF52-40AD-8667-483FF82E9783}
		{9A2600E4-03D7-48AE-9A03-E6C9FDD763A3} = {EC0B6E2D-C379-4235-A419-43CCA2E29B18}
		{1BB08C52-B025-40B7-A850-4220E0748D21} = {9A2AF186-A002-424F-89BE-BECE69FFB7EC}
	EndGlobalSection
	GlobalSection(ExtensibilityGlobals) = postSolution
		SolutionGuid = {D3B4C104-6B05-4DBB-BF36-57CCB2646128}
	EndGlobalSection
EndGlobal
